# This file is autogenerated, do not edit; changes may be undone by the next 'dep ensure'.


[[projects]]
  name = "github.com/buaazp/fasthttprouter"
  packages = ["."]
  revision = "ade4e2031af3aed7fffd241084aad80a58faf421"
  version = "v0.1.1"

[[projects]]
  branch = "master"
  name = "github.com/dsnet/compress"
  packages = [".","bzip2","bzip2/internal/sais","internal","internal/errors","internal/prefix"]
  revision = "0ae8e136a5df9e3caf6c0f69983608b07438411b"

[[projects]]
  name = "github.com/klauspost/compress"
  packages = ["flate","gzip","zlib"]
  revision = "6c8db69c4b49dd4df1fff66996cf556176d0b9bf"
  version = "v1.2.1"

[[projects]]
  name = "github.com/klauspost/cpuid"
  packages = ["."]
  revision = "ae7887de9fa5d2db4eaa8174a7eff2c1ac00f2da"
  version = "v1.1"

[[projects]]
  name = "github.com/klauspost/crc32"
  packages = ["."]
  revision = "cb6bfca970f6908083f26f39a79009d608efd5cd"
  version = "v1.1"

[[projects]]
  name = "github.com/mholt/archiver"
  packages = ["."]
  revision = "cdc68dd1f170b8dfc1a0d2231b5bb0967ed67006"
  version = "v2.0"

[[projects]]
  branch = "master"
  name = "github.com/nwaples/rardecode"
  packages = ["."]
  revision = "f22b7ef81a0afac9ce1447d37e5ab8e99fbd2f73"

[[projects]]
  name = "github.com/sirupsen/logrus"
  packages = ["."]
  revision = "a3f95b5c423586578a4e099b11a46c2479628cac"
  version = "1.0.2"

[[projects]]
  name = "github.com/ulikunitz/xz"
  packages = [".","internal/hash","internal/xlog","lzma"]
  revision = "0c6b41e72360850ca4f98dc341fd999726ea007f"
  version = "v0.5.4"

[[projects]]
  name = "github.com/valyala/fasthttp"
  packages = [".","fasthttputil"]
  revision = "d42167fd04f636e20b005e9934159e95454233c7"
  version = "v20160617"

[[projects]]
  branch = "master"
  name = "golang.org/x/sys"
  packages = ["unix"]
  revision = "e42485b6e20ae7d2304ec72e535b103ed350cc02"

[solve-meta]
  analyzer-name = "dep"
  analyzer-version = 1
  inputs-digest = "2872345dd97f2148e1c9607076eab4ce23c3903e4a7ebca5058e3ecc38a1eff3"
  solver-name = "gps-cdcl"
  solver-version = 1
